
Microsoft Visual Studio Solution File, Format Version 12.00
# Visual Studio 15
VisualStudioVersion = 15.0.28307.1927
MinimumVisualStudioVersion = 10.0.40219.1
Project("{FAE04EC0-301F-11D3-BF4B-00C04F79EFBC}") = "SWD_Klausur_220505_Nikolaenko", "SWD_Klausur_220505_Nikolaenko\SWD_Klausur_220505_Nikolaenko.csproj", "{C2FD4689-1C87-47F1-9D71-FCB8F876312E}"
EndProject
Global
	GlobalSection(SolutionConfigurationPlatforms) = preSolution
		Debug|Any CPU = Debug|Any CPU
		Release|Any CPU = Release|Any CPU
	EndGlobalSection
	GlobalSection(ProjectConfigurationPlatforms) = postSolution
		{C2FD4689-1C87-47F1-9D71-FCB8F876312E}.Debug|Any CPU.ActiveCfg = Debug|Any CPU
		{C2FD4689-1C87-47F1-9D71-FCB8F876312E}.Debug|Any CPU.Build.0 = Debug|Any CPU
		{C2FD4689-1C87-47F1-9D71-FCB8F876312E}.Release|Any CPU.ActiveCfg = Release|Any CPU
		{C2FD4689-1C87-47F1-9D71-FCB8F876312E}.Release|Any CPU.Build.0 = Release|Any CPU
	EndGlobalSection
	GlobalSection(SolutionProperties) = preSolution
		HideSolutionNode = FALSE
	EndGlobalSection
	GlobalSection(ExtensibilityGlobals) = postSolution
		SolutionGuid = {23C26D94-2D04-4F3E-81F3-151342A7EA75}
	EndGlobalSection
EndGlobal
